# This file is autogenerated, do not edit; changes may be undone by the next 'dep ensure'.


[[projects]]
  branch = "master"
  name = "github.com/redsift/go-foodfans"
  packages = [".","lookup"]
  revision = "6c6e105f4a3333b501ab036ce34f4430fa19be9b"

[solve-meta]
  analyzer-name = "dep"
  analyzer-version = 1
  inputs-digest = "402accce94cfab07357461de5430a2504e160be40e4ed82f139ae35c28545d94"
  solver-name = "gps-cdcl"
  solver-version = 1
